
Microsoft Visual Studio Solution File, Format Version 12.00
# Visual Studio Version 16
VisualStudioVersion = 16.0.29318.209
MinimumVisualStudioVersion = 10.0.40219.1
Project("{9A19103F-16F7-4668-BE54-9A1E7A4F7556}") = "CircularCollections", "CircularCollections\CircularCollections.csproj", "{A3B0E83A-7FFD-46E6-BD7C-6551AC44FCFB}"
EndProject
Project("{FAE04EC0-301F-11D3-BF4B-00C04F79EFBC}") = "CircularCollectionsTests", "CircularCollectionsTests\CircularCollectionsTests.csproj", "{5A08647A-8524-454A-B8CA-4EDE52BD5D3C}"
EndProject
Global
	GlobalSection(SolutionConfigurationPlatforms) = preSolution
		Debug|Any CPU = Debug|Any CPU
		Release|Any CPU = Release|Any CPU
	EndGlobalSection
	GlobalSection(ProjectConfigurationPlatforms) = postSolution
		{A3B0E83A-7FFD-46E6-BD7C-6551AC44FCFB}.Debug|Any CPU.ActiveCfg = Debug|Any CPU
		{A3B0E83A-7FFD-46E6-BD7C-6551AC44FCFB}.Debug|Any CPU.Build.0 = Debug|Any CPU
		{A3B0E83A-7FFD-46E6-BD7C-6551AC44FCFB}.Release|Any CPU.ActiveCfg = Release|Any CPU
		{A3B0E83A-7FFD-46E6-BD7C-6551AC44FCFB}.Release|Any CPU.Build.0 = Release|Any CPU
		{5A08647A-8524-454A-B8CA-4EDE52BD5D3C}.Debug|Any CPU.ActiveCfg = Debug|Any CPU
		{5A08647A-8524-454A-B8CA-4EDE52BD5D3C}.Debug|Any CPU.Build.0 = Debug|Any CPU
		{5A08647A-8524-454A-B8CA-4EDE52BD5D3C}.Release|Any CPU.ActiveCfg = Release|Any CPU
		{5A08647A-8524-454A-B8CA-4EDE52BD5D3C}.Release|Any CPU.Build.0 = Release|Any CPU
	EndGlobalSection
	GlobalSection(SolutionProperties) = preSolution
		HideSolutionNode = FALSE
	EndGlobalSection
	GlobalSection(ExtensibilityGlobals) = postSolution
		SolutionGuid = {E99A3F17-9B56-4E27-8A91-C78BEF7B8193}
	EndGlobalSection
EndGlobal
